
Microsoft Visual Studio Solution File, Format Version 12.00
# Visual Studio Version 17
VisualStudioVersion = 17.2.32616.157
MinimumVisualStudioVersion = 10.0.40219.1
Project("{FAE04EC0-301F-11D3-BF4B-00C04F79EFBC}") = "final-project-server", "final-project-server\final-project-server.csproj", "{48F19F51-C7C0-43FA-A594-A5508274EE10}"
EndProject
Global
	GlobalSection(SolutionConfigurationPlatforms) = preSolution
		Debug|Any CPU = Debug|Any CPU
		Release|Any CPU = Release|Any CPU
	EndGlobalSection
	GlobalSection(ProjectConfigurationPlatforms) = postSolution
		{48F19F51-C7C0-43FA-A594-A5508274EE10}.Debug|Any CPU.ActiveCfg = Debug|Any CPU
		{48F19F51-C7C0-43FA-A594-A5508274EE10}.Debug|Any CPU.Build.0 = Debug|Any CPU
		{48F19F51-C7C0-43FA-A594-A5508274EE10}.Release|Any CPU.ActiveCfg = Release|Any CPU
		{48F19F51-C7C0-43FA-A594-A5508274EE10}.Release|Any CPU.Build.0 = Release|Any CPU
	EndGlobalSection
	GlobalSection(SolutionProperties) = preSolution
		HideSolutionNode = FALSE
	EndGlobalSection
	GlobalSection(ExtensibilityGlobals) = postSolution
		SolutionGuid = {CFA81555-4C91-4E17-B3A8-C2F5FFC0D74F}
	EndGlobalSection
EndGlobal
